// !$*UTF8*$!
{
	archiveVersion = 1;
	classes = {
	};
	objectVersion = 46;
	objects = {

/* Begin PBXBuildFile section */
		BA1BD7C01D02886E00AADA14 /* AppDelegate.swift in Sources */ = {isa = PBXBuildFile; fileRef = BA1BD7BF1D02886E00AADA14 /* AppDelegate.swift */; };
		BA1BD7C21D02886E00AADA14 /* ViewController.swift in Sources */ = {isa = PBXBuildFile; fileRef = BA1BD7C11D02886E00AADA14 /* ViewController.swift */; };
		BA1BD7C51D02886E00AADA14 /* Main.storyboard in Resources */ = {isa = PBXBuildFile; fileRef = BA1BD7C31D02886E00AADA14 /* Main.storyboard */; };
		BA1BD7C81D02886E00AADA14 /* Tan3DTouch.xcdatamodeld in Sources */ = {isa = PBXBuildFile; fileRef = BA1BD7C61D02886E00AADA14 /* Tan3DTouch.xcdatamodeld */; };
		BA1BD7CA1D02886E00AADA14 /* Assets.xcassets in Resources */ = {isa = PBXBuildFile; fileRef = BA1BD7C91D02886E00AADA14 /* Assets.xcassets */; };
		BA1BD7CD1D02886E00AADA14 /* LaunchScreen.storyboard in Resources */ = {isa = PBXBuildFile; fileRef = BA1BD7CB1D02886E00AADA14 /* LaunchScreen.storyboard */; };
/* End PBXBuildFile section */

/* Begin PBXFileReference section */
		BA1BD7BC1D02886E00AADA14 /* Tan3DTouch.app */ = {isa = PBXFileReference; explicitFileType = wrapper.application; includeInIndex = 0; path = Tan3DTouch.app; sourceTree = BUILT_PRODUCTS_DIR; };
		BA1BD7BF1D02886E00AADA14 /* AppDelegate.swift */ = {isa = PBXFileReference; lastKnownFileType = sourcecode.swift; path = AppDelegate.swift; sourceTree = "<group>"; };
		BA1BD7C11D02886E00AADA14 /* ViewController.swift */ = {isa = PBXFileReference; lastKnownFileType = sourcecode.swift; path = ViewController.swift; sourceTree = "<group>"; };
		BA1BD7C41D02886E00AADA14 /* Base */ = {isa = PBXFileReference; lastKnownFileType = file.storyboard; name = Base; path = Base.lproj/Main.storyboard; sourceTree = "<group>"; };
		BA1BD7C71D02886E00AADA14 /* Tan3DTouch.xcdatamodel */ = {isa = PBXFileReference; lastKnownFileType = wrapper.xcdatamodel; path = Tan3DTouch.xcdatamodel; sourceTree = "<group>"; };
		BA1BD7C91D02886E00AADA14 /* Assets.xcassets */ = {isa = PBXFileReference; lastKnownFileType = folder.assetcatalog; path = Assets.xcassets; sourceTree = "<group>"; };
		BA1BD7CC1D02886E00AADA14 /* Base */ = {isa = PBXFileReference; lastKnownFileType = file.storyboard; name = Base; path = Base.lproj/LaunchScreen.storyboard; sourceTree = "<group>"; };
		BA1BD7CE1D02886E00AADA14 /* Info.plist */ = {isa = PBXFileReference; lastKnownFileType = text.plist.xml; path = Info.plist; sourceTree = "<group>"; };
/* End PBXFileReference section */

/* Begin PBXFrameworksBuildPhase section */
		BA1BD7B91D02886E00AADA14 /* Frameworks */ = {
			isa = PBXFrameworksBuildPhase;
			buildActionMask = 2147483647;
			files = (
			);
			runOnlyForDeploymentPostprocessing = 0;
		};
/* End PBXFrameworksBuildPhase section */

/* Begin PBXGroup section */
		BA1BD7B31D02886E00AADA14 = {
			isa = PBXGroup;
			children = (
				BA1BD7BE1D02886E00AADA14 /* Tan3DTouch */,
				BA1BD7BD1D02886E00AADA14 /* Products */,
			);
			sourceTree = "<group>";
		};
		BA1BD7BD1D02886E00AADA14 /* Products */ = {
			isa = PBXGroup;
			children = (
				BA1BD7BC1D02886E00AADA14 /* Tan3DTouch.app */,
			);
			name = Products;
			sourceTree = "<group>";
		};
		BA1BD7BE1D02886E00AADA14 /* Tan3DTouch */ = {
			isa = PBXGroup;
			children = (
				BA1BD7BF1D02886E00AADA14 /* AppDelegate.swift */,
				BA1BD7C11D02886E00AADA14 /* ViewController.swift */,
				BA1BD7C31D02886E00AADA14 /* Main.storyboard */,
				BA1BD7C91D02886E00AADA14 /* Assets.xcassets */,
				BA1BD7CB1D02886E00AADA14 /* LaunchScreen.storyboard */,
				BA1BD7CE1D02886E00AADA14 /* Info.plist */,
				BA1BD7C61D02886E00AADA14 /* Tan3DTouch.xcdatamodeld */,
			);
			path = Tan3DTouch;
			sourceTree = "<group>";
		};
/* End PBXGroup section */

/* Begin PBXNativeTarget section */
		BA1BD7BB1D02886E00AADA14 /* Tan3DTouch */ = {
			isa = PBXNativeTarget;
			buildConfigurationList = BA1BD7D11D02886E00AADA14 /* Build configuration list for PBXNativeTarget "Tan3DTouch" */;
			buildPhases = (
				BA1BD7B81D02886E00AADA14 /* Sources */,
				BA1BD7B91D02886E00AADA14 /* Frameworks */,
				BA1BD7BA1D02886E00AADA14 /* Resources */,
			);
			buildRules = (
			);
			dependencies = (
			);
			name = Tan3DTouch;
			productName = Tan3DTouch;
			productReference = BA1BD7BC1D02886E00AADA14 /* Tan3DTouch.app */;
			productType = "com.apple.product-type.application";
		};
/* End PBXNativeTarget section */

/* Begin PBXProject section */
		BA1BD7B41D02886E00AADA14 /* Project object */ = {
			isa = PBXProject;
			attributes = {
				LastSwiftUpdateCheck = 0730;
				LastUpgradeCheck = 0730;
				ORGANIZATIONNAME = Tangent;
				TargetAttributes = {
					BA1BD7BB1D02886E00AADA14 = {
						CreatedOnToolsVersion = 7.3.1;
					};
				};
			};
			buildConfigurationList = BA1BD7B71D02886E00AADA14 /* Build configuration list for PBXProject "Tan3DTouch" */;
			compatibilityVersion = "Xcode 3.2";
			developmentRegion = English;
			hasScannedForEncodings = 0;
			knownRegions = (
				en,
				Base,
			);
			mainGroup = BA1BD7B31D02886E00AADA14;
			productRefGroup = BA1BD7BD1D02886E00AADA14 /* Products */;
			projectDirPath = "";
			projectRoot = "";
			targets = (
				BA1BD7BB1D02886E00AADA14 /* Tan3DTouch */,
			);
		};
/* End PBXProject section */

/* Begin PBXResourcesBuildPhase section */
		BA1BD7BA1D02886E00AADA14 /* Resources */ = {
			isa = PBXResourcesBuildPhase;
			buildActionMask = 2147483647;
			files = (
				BA1BD7CD1D02886E00AADA14 /* LaunchScreen.storyboard in Resources */,
				BA1BD7CA1D02886E00AADA14 /* Assets.xcassets in Resources */,
				BA1BD7C51D02886E00AADA14 /* Main.storyboard in Resources */,
			);
			runOnlyForDeploymentPostprocessing = 0;
		};
/* End PBXResourcesBuildPhase section */

/* Begin PBXSourcesBuildPhase section */
		BA1BD7B81D02886E00AADA14 /* Sources */ = {
			isa = PBXSourcesBuildPhase;
			buildActionMask = 2147483647;
			files = (
				BA1BD7C21D02886E00AADA14 /* ViewController.swift in Sources */,
				BA1BD7C01D02886E00AADA14 /* AppDelegate.swift in Sources */,
				BA1BD7C81D02886E00AADA14 /* Tan3DTouch.xcdatamodeld in Sources */,
			);
			runOnlyForDeploymentPostprocessing = 0;
		};
/* End PBXSourcesBuildPhase section */

/* Begin PBXVariantGroup section */
		BA1BD7C31D02886E00AADA14 /* Main.storyboard */ = {
			isa = PBXVariantGroup;
			children = (
				BA1BD7C41D02886E00AADA14 /* Base */,
			);
			name = Main.storyboard;
			sourceTree = "<group>";
		};
		BA1BD7CB1D02886E00AADA14 /* LaunchScreen.storyboard */ = {
			isa = PBXVariantGroup;
			children = (
				BA1BD7CC1D02886E00AADA14 /* Base */,
			);
			name = LaunchScreen.storyboard;
			sourceTree = "<group>";
		};
/* End PBXVariantGroup section */

/* Begin XCBuildConfiguration section */
		BA1BD7CF1D02886E00AADA14 /* Debug */ = {
			isa = XCBuildConfiguration;
			buildSettings = {
				ALWAYS_SEARCH_USER_PATHS = NO;
				CLANG_ANALYZER_NONNULL = YES;
				CLANG_CXX_LANGUAGE_STANDARD = "gnu++0x";
				CLANG_CXX_LIBRARY = "libc++";
				CLANG_ENABLE_MODULES = YES;
				CLANG_ENABLE_OBJC_ARC = YES;
				CLANG_WARN_BOOL_CONVERSION = YES;
				CLANG_WARN_CONSTANT_CONVERSION = YES;
				CLANG_WARN_DIRECT_OBJC_ISA_USAGE = YES_ERROR;
				CLANG_WARN_EMPTY_BODY = YES;
				CLANG_WARN_ENUM_CONVERSION = YES;
				CLANG_WARN_INT_CONVERSION = YES;
				CLANG_WARN_OBJC_ROOT_CLASS = YES_ERROR;
				CLANG_WARN_UNREACHABLE_CODE = YES;
				CLANG_WARN__DUPLICATE_METHOD_MATCH = YES;
				"CODE_SIGN_IDENTITY[sdk=iphoneos*]" = "iPhone Developer";
				COPY_PHASE_STRIP = NO;
				DEBUG_INFORMATION_FORMAT = dwarf;
				ENABLE_STRICT_OBJC_MSGSEND = YES;
				ENABLE_TESTABILITY = YES;
				GCC_C_LANGUAGE_STANDARD = gnu99;
				GCC_DYNAMIC_NO_PIC = NO;
				GCC_NO_COMMON_BLOCKS = YES;
				GCC_OPTIMIZATION_LEVEL = 0;
				GCC_PREPROCESSOR_DEFINITIONS = (
					"DEBUG=1",
					"$(inherited)",
				);
				GCC_WARN_64_TO_32_BIT_CONVERSION = YES;
				GCC_WARN_ABOUT_RETURN_TYPE = YES_ERROR;
				GCC_WARN_UNDECLARED_SELECTOR = YES;
				GCC_WARN_UNINITIALIZED_AUTOS = YES_AGGRESSIVE;
				GCC_WARN_UNUSED_FUNCTION = YES;
				GCC_WARN_UNUSED_VARIABLE = YES;
				IPHONEOS_DEPLOYMENT_TARGET = 9.3;
				MTL_ENABLE_DEBUG_INFO = YES;
				ONLY_ACTIVE_ARCH = YES;
				SDKROOT = iphoneos;
				SWIFT_OPTIMIZATION_LEVEL = "-Onone";
			};
			name = Debug;
		};
		BA1BD7D01D02886E00AADA14 /* Release */ = {
			isa = XCBuildConfiguration;
			buildSettings = {
				ALWAYS_SEARCH_USER_PATHS = NO;
				CLANG_ANALYZER_NONNULL = YES;
				CLANG_CXX_LANGUAGE_STANDARD = "gnu++0x";
				CLANG_CXX_LIBRARY = "libc++";
				CLANG_ENABLE_MODULES = YES;
				CLANG_ENABLE_OBJC_ARC = YES;
				CLANG_WARN_BOOL_CONVERSION = YES;
				CLANG_WARN_CONSTANT_CONVERSION = YES;
				CLANG_WARN_DIRECT_OBJC_ISA_USAGE = YES_ERROR;
				CLANG_WARN_EMPTY_BODY = YES;
				CLANG_WARN_ENUM_CONVERSION = YES;
				CLANG_WARN_INT_CONVERSION = YES;
				CLANG_WARN_OBJC_ROOT_CLASS = YES_ERROR;
				CLANG_WARN_UNREACHABLE_CODE = YES;
				CLANG_WARN__DUPLICATE_METHOD_MATCH = YES;
				"CODE_SIGN_IDENTITY[sdk=iphoneos*]" = "iPhone Developer";
				COPY_PHASE_STRIP = NO;
				DEBUG_INFORMATION_FORMAT = "dwarf-with-dsym";
				ENABLE_NS_ASSERTIONS = NO;
				ENABLE_STRICT_OBJC_MSGSEND = YES;
				GCC_C_LANGUAGE_STANDARD = gnu99;
				GCC_NO_COMMON_BLOCKS = YES;
				GCC_WARN_64_TO_32_BIT_CONVERSION = YES;
				GCC_WARN_ABOUT_RETURN_TYPE = YES_ERROR;
				GCC_WARN_UNDECLARED_SELECTOR = YES;
				GCC_WARN_UNINITIALIZED_AUTOS = YES_AGGRESSIVE;
				GCC_WARN_UNUSED_FUNCTION = YES;
				GCC_WARN_UNUSED_VARIABLE = YES;
				IPHONEOS_DEPLOYMENT_TARGET = 9.3;
				MTL_ENABLE_DEBUG_INFO = NO;
				SDKROOT = iphoneos;
				VALIDATE_PRODUCT = YES;
			};
			name = Release;
		};
		BA1BD7D21D02886E00AADA14 /* Debug */ = {
			isa = XCBuildConfiguration;
			buildSettings = {
				ASSETCATALOG_COMPILER_APPICON_NAME = AppIcon;
				INFOPLIST_FILE = Tan3DTouch/Info.plist;
				LD_RUNPATH_SEARCH_PATHS = "$(inherited) @executable_path/Frameworks";
				PRODUCT_BUNDLE_IDENTIFIER = com.tangent.Tan3DTouch;
				PRODUCT_NAME = "$(TARGET_NAME)";
			};
			name = Debug;
		};
		BA1BD7D31D02886E00AADA14 /* Release */ = {
			isa = XCBuildConfiguration;
			buildSettings = {
				ASSETCATALOG_COMPILER_APPICON_NAME = AppIcon;
				INFOPLIST_FILE = Tan3DTouch/Info.plist;
				LD_RUNPATH_SEARCH_PATHS = "$(inherited) @executable_path/Frameworks";
				PRODUCT_BUNDLE_IDENTIFIER = com.tangent.Tan3DTouch;
				PRODUCT_NAME = "$(TARGET_NAME)";
			};
			name = Release;
		};
/* End XCBuildConfiguration section */

/* Begin XCConfigurationList section */
		BA1BD7B71D02886E00AADA14 /* Build configuration list for PBXProject "Tan3DTouch" */ = {
			isa = XCConfigurationList;
			buildConfigurations = (
				BA1BD7CF1D02886E00AADA14 /* Debug */,
				BA1BD7D01D02886E00AADA14 /* Release */,
			);
			defaultConfigurationIsVisible = 0;
			defaultConfigurationName = Release;
		};
		BA1BD7D11D02886E00AADA14 /* Build configuration list for PBXNativeTarget "Tan3DTouch" */ = {
			isa = XCConfigurationList;
			buildConfigurations = (
				BA1BD7D21D02886E00AADA14 /* Debug */,
				BA1BD7D31D02886E00AADA14 /* Release */,
			);
			defaultConfigurationIsVisible = 0;
		};
/* End XCConfigurationList section */

/* Begin XCVersionGroup section */
		BA1BD7C61D02886E00AADA14 /* Tan3DTouch.xcdatamodeld */ = {
			isa = XCVersionGroup;
			children = (
				BA1BD7C71D02886E00AADA14 /* Tan3DTouch.xcdatamodel */,
			);
			currentVersion = BA1BD7C71D02886E00AADA14 /* Tan3DTouch.xcdatamodel */;
			path = Tan3DTouch.xcdatamodeld;
			sourceTree = "<group>";
			versionGroupType = wrapper.xcdatamodel;
		};
/* End XCVersionGroup section */
	};
	rootObject = BA1BD7B41D02886E00AADA14 /* Project object */;
}
